
Microsoft Visual Studio Solution File, Format Version 12.00
# Visual Studio Version 17
VisualStudioVersion = 17.3.32929.385
MinimumVisualStudioVersion = 10.0.40219.1
Project("{9A19103F-16F7-4668-BE54-9A1E7A4F7556}") = "Assuncao.School.Data", "..\src\Assuncao.School.Data\Assuncao.School.Data.csproj", "{1CEBFE46-7FCD-499D-B939-638076F36026}"
	ProjectSection(ProjectDependencies) = postProject
		{6840CAD9-148C-45D7-BB07-AED9B647D286} = {6840CAD9-148C-45D7-BB07-AED9B647D286}
	EndProjectSection
EndProject
Project("{9A19103F-16F7-4668-BE54-9A1E7A4F7556}") = "Assuncao.School.Business", "..\src\Assuncao.School.Business\Assuncao.School.Business.csproj", "{6840CAD9-148C-45D7-BB07-AED9B647D286}"
EndProject
Project("{9A19103F-16F7-4668-BE54-9A1E7A4F7556}") = "Assuncao.School.App", "..\src\Assuncao.School.App\Assuncao.School.App.csproj", "{BB24DECE-8E02-4E3E-BF91-C4E6A51449C3}"
EndProject
Global
	GlobalSection(SolutionConfigurationPlatforms) = preSolution
		Debug|Any CPU = Debug|Any CPU
		Release|Any CPU = Release|Any CPU
	EndGlobalSection
	GlobalSection(ProjectConfigurationPlatforms) = postSolution
		{1CEBFE46-7FCD-499D-B939-638076F36026}.Debug|Any CPU.ActiveCfg = Debug|Any CPU
		{1CEBFE46-7FCD-499D-B939-638076F36026}.Debug|Any CPU.Build.0 = Debug|Any CPU
		{1CEBFE46-7FCD-499D-B939-638076F36026}.Release|Any CPU.ActiveCfg = Release|Any CPU
		{1CEBFE46-7FCD-499D-B939-638076F36026}.Release|Any CPU.Build.0 = Release|Any CPU
		{6840CAD9-148C-45D7-BB07-AED9B647D286}.Debug|Any CPU.ActiveCfg = Debug|Any CPU
		{6840CAD9-148C-45D7-BB07-AED9B647D286}.Debug|Any CPU.Build.0 = Debug|Any CPU
		{6840CAD9-148C-45D7-BB07-AED9B647D286}.Release|Any CPU.ActiveCfg = Release|Any CPU
		{6840CAD9-148C-45D7-BB07-AED9B647D286}.Release|Any CPU.Build.0 = Release|Any CPU
		{BB24DECE-8E02-4E3E-BF91-C4E6A51449C3}.Debug|Any CPU.ActiveCfg = Debug|Any CPU
		{BB24DECE-8E02-4E3E-BF91-C4E6A51449C3}.Debug|Any CPU.Build.0 = Debug|Any CPU
		{BB24DECE-8E02-4E3E-BF91-C4E6A51449C3}.Release|Any CPU.ActiveCfg = Release|Any CPU
		{BB24DECE-8E02-4E3E-BF91-C4E6A51449C3}.Release|Any CPU.Build.0 = Release|Any CPU
	EndGlobalSection
	GlobalSection(SolutionProperties) = preSolution
		HideSolutionNode = FALSE
	EndGlobalSection
	GlobalSection(ExtensibilityGlobals) = postSolution
		SolutionGuid = {67142B73-E197-44F2-ABD2-77AB8A5B57C0}
	EndGlobalSection
EndGlobal
